
Microsoft Visual Studio Solution File, Format Version 12.00
# Visual Studio Version 17
VisualStudioVersion = 17.3.32804.467
MinimumVisualStudioVersion = 10.0.40219.1
Project("{FAE04EC0-301F-11D3-BF4B-00C04F79EFBC}") = "Recapitulacao exec orient obj 1", "Recapitulacao exec orient obj 1\Recapitulacao exec orient obj 1.csproj", "{642B8A38-2A04-46DC-A080-27AB978DBF49}"
EndProject
Global
	GlobalSection(SolutionConfigurationPlatforms) = preSolution
		Debug|Any CPU = Debug|Any CPU
		Release|Any CPU = Release|Any CPU
	EndGlobalSection
	GlobalSection(ProjectConfigurationPlatforms) = postSolution
		{642B8A38-2A04-46DC-A080-27AB978DBF49}.Debug|Any CPU.ActiveCfg = Debug|Any CPU
		{642B8A38-2A04-46DC-A080-27AB978DBF49}.Debug|Any CPU.Build.0 = Debug|Any CPU
		{642B8A38-2A04-46DC-A080-27AB978DBF49}.Release|Any CPU.ActiveCfg = Release|Any CPU
		{642B8A38-2A04-46DC-A080-27AB978DBF49}.Release|Any CPU.Build.0 = Release|Any CPU
	EndGlobalSection
	GlobalSection(SolutionProperties) = preSolution
		HideSolutionNode = FALSE
	EndGlobalSection
	GlobalSection(ExtensibilityGlobals) = postSolution
		SolutionGuid = {75A9EB9A-CB39-49F0-B3BA-C448BD39D558}
	EndGlobalSection
EndGlobal
